
Microsoft Visual Studio Solution File, Format Version 12.00
# Visual Studio 15
VisualStudioVersion = 15.0.28307.1062
MinimumVisualStudioVersion = 10.0.40219.1
Project("{FAE04EC0-301F-11D3-BF4B-00C04F79EFBC}") = "Chemestry", "Chemestry.csproj", "{197B2E57-1BF3-4182-B0F4-F009116C39CB}"
EndProject
Global
	GlobalSection(SolutionConfigurationPlatforms) = preSolution
		Debug|Any CPU = Debug|Any CPU
		Release|Any CPU = Release|Any CPU
	EndGlobalSection
	GlobalSection(ProjectConfigurationPlatforms) = postSolution
		{197B2E57-1BF3-4182-B0F4-F009116C39CB}.Debug|Any CPU.ActiveCfg = Debug|Any CPU
		{197B2E57-1BF3-4182-B0F4-F009116C39CB}.Debug|Any CPU.Build.0 = Debug|Any CPU
		{197B2E57-1BF3-4182-B0F4-F009116C39CB}.Release|Any CPU.ActiveCfg = Release|Any CPU
		{197B2E57-1BF3-4182-B0F4-F009116C39CB}.Release|Any CPU.Build.0 = Release|Any CPU
	EndGlobalSection
	GlobalSection(SolutionProperties) = preSolution
		HideSolutionNode = FALSE
	EndGlobalSection
	GlobalSection(ExtensibilityGlobals) = postSolution
		SolutionGuid = {32717F8B-EDD4-4D6A-8B81-77BEE561D030}
	EndGlobalSection
EndGlobal
